
Microsoft Visual Studio Solution File, Format Version 12.00
# Visual Studio Version 16
VisualStudioVersion = 16.0.31402.337
MinimumVisualStudioVersion = 10.0.40219.1
Project("{9A19103F-16F7-4668-BE54-9A1E7A4F7556}") = "Likvido.DbMigrator.EfCore", "Likvido.DbMigrator.EfCore\Likvido.DbMigrator.EfCore.csproj", "{D0FF3DB1-DBE6-4741-959E-F3EAE40667FE}"
EndProject
Project("{2150E333-8FDC-42A3-9474-1A3956D46DE8}") = "Solution Items", "Solution Items", "{BE8F196C-945E-4B16-A0B3-D974A09758D8}"
	ProjectSection(SolutionItems) = preProject
		..\.github\workflows\nuget.yml = ..\.github\workflows\nuget.yml
		..\README.md = ..\README.md
		version.props = version.props
		..\.gitignore = ..\.gitignore
		..\.gitattributes = ..\.gitattributes
	EndProjectSection
EndProject
Global
	GlobalSection(SolutionConfigurationPlatforms) = preSolution
		Debug|Any CPU = Debug|Any CPU
		Release|Any CPU = Release|Any CPU
	EndGlobalSection
	GlobalSection(ProjectConfigurationPlatforms) = postSolution
		{D0FF3DB1-DBE6-4741-959E-F3EAE40667FE}.Debug|Any CPU.ActiveCfg = Debug|Any CPU
		{D0FF3DB1-DBE6-4741-959E-F3EAE40667FE}.Debug|Any CPU.Build.0 = Debug|Any CPU
		{D0FF3DB1-DBE6-4741-959E-F3EAE40667FE}.Release|Any CPU.ActiveCfg = Release|Any CPU
		{D0FF3DB1-DBE6-4741-959E-F3EAE40667FE}.Release|Any CPU.Build.0 = Release|Any CPU
	EndGlobalSection
	GlobalSection(SolutionProperties) = preSolution
		HideSolutionNode = FALSE
	EndGlobalSection
	GlobalSection(ExtensibilityGlobals) = postSolution
		SolutionGuid = {2C5E96FD-06B4-495B-9ACF-6093B0469BD2}
	EndGlobalSection
EndGlobal
